// !$*UTF8*$!
{
	archiveVersion = 1;
	classes = {
	};
	objectVersion = 50;
	objects = {

/* Begin PBXBuildFile section */
		C51B66E025E98960005B4108 /* MKCoordinateRegion+Coordinates.swift in Sources */ = {isa = PBXBuildFile; fileRef = C51B66DF25E98960005B4108 /* MKCoordinateRegion+Coordinates.swift */; };
		C51B66E225EA068D005B4108 /* ItemsForDay.swift in Sources */ = {isa = PBXBuildFile; fileRef = C51B66E125EA068D005B4108 /* ItemsForDay.swift */; };
		C51B66E425EA0701005B4108 /* Item.swift in Sources */ = {isa = PBXBuildFile; fileRef = C51B66E325EA0701005B4108 /* Item.swift */; };
		C51B66E925EA2766005B4108 /* ExportModel.swift in Sources */ = {isa = PBXBuildFile; fileRef = C51B66E825EA2766005B4108 /* ExportModel.swift */; };
		C54713A925E3782700B3F33C /* MapDetailView.swift in Sources */ = {isa = PBXBuildFile; fileRef = C54713A825E3782700B3F33C /* MapDetailView.swift */; };
		C54713AC25E3784C00B3F33C /* DayView.swift in Sources */ = {isa = PBXBuildFile; fileRef = C54713AB25E3784C00B3F33C /* DayView.swift */; };
		C54713B125E37CDA00B3F33C /* Day.swift in Sources */ = {isa = PBXBuildFile; fileRef = C54713B025E37CDA00B3F33C /* Day.swift */; };
		C54713BB25E37D2200B3F33C /* DayStore.swift in Sources */ = {isa = PBXBuildFile; fileRef = C54713BA25E37D2200B3F33C /* DayStore.swift */; };
		C54713C025E37D7F00B3F33C /* LocationService.swift in Sources */ = {isa = PBXBuildFile; fileRef = C54713BF25E37D7F00B3F33C /* LocationService.swift */; };
		C54713C325E37E1800B3F33C /* ItemStore.swift in Sources */ = {isa = PBXBuildFile; fileRef = C54713C225E37E1800B3F33C /* ItemStore.swift */; };
		C5BDF6DB25E6275100EACA71 /* SettingsView.swift in Sources */ = {isa = PBXBuildFile; fileRef = C5BDF6DA25E6275100EACA71 /* SettingsView.swift */; };
		C5CCCA2E25EB6C2E003356CC /* ExportService.swift in Sources */ = {isa = PBXBuildFile; fileRef = C5CCCA2D25EB6C2E003356CC /* ExportService.swift */; };
		C5F2146425E0E95F00D67F2F /* LocApp.swift in Sources */ = {isa = PBXBuildFile; fileRef = C5F2146325E0E95F00D67F2F /* LocApp.swift */; };
		C5F2146625E0E95F00D67F2F /* ContentView.swift in Sources */ = {isa = PBXBuildFile; fileRef = C5F2146525E0E95F00D67F2F /* ContentView.swift */; };
		C5F2146825E0E96000D67F2F /* Assets.xcassets in Resources */ = {isa = PBXBuildFile; fileRef = C5F2146725E0E96000D67F2F /* Assets.xcassets */; };
		C5F2146B25E0E96000D67F2F /* Preview Assets.xcassets in Resources */ = {isa = PBXBuildFile; fileRef = C5F2146A25E0E96000D67F2F /* Preview Assets.xcassets */; };
		C5F2146D25E0E96000D67F2F /* Persistence.swift in Sources */ = {isa = PBXBuildFile; fileRef = C5F2146C25E0E96000D67F2F /* Persistence.swift */; };
		C5F2147025E0E96000D67F2F /* Loc.xcdatamodeld in Sources */ = {isa = PBXBuildFile; fileRef = C5F2146E25E0E96000D67F2F /* Loc.xcdatamodeld */; };
/* End PBXBuildFile section */

/* Begin PBXFileReference section */
		C51B66DF25E98960005B4108 /* MKCoordinateRegion+Coordinates.swift */ = {isa = PBXFileReference; lastKnownFileType = sourcecode.swift; path = "MKCoordinateRegion+Coordinates.swift"; sourceTree = "<group>"; };
		C51B66E125EA068D005B4108 /* ItemsForDay.swift */ = {isa = PBXFileReference; lastKnownFileType = sourcecode.swift; path = ItemsForDay.swift; sourceTree = "<group>"; };
		C51B66E325EA0701005B4108 /* Item.swift */ = {isa = PBXFileReference; lastKnownFileType = sourcecode.swift; path = Item.swift; sourceTree = "<group>"; };
		C51B66E825EA2766005B4108 /* ExportModel.swift */ = {isa = PBXFileReference; lastKnownFileType = sourcecode.swift; path = ExportModel.swift; sourceTree = "<group>"; };
		C54713A825E3782700B3F33C /* MapDetailView.swift */ = {isa = PBXFileReference; lastKnownFileType = sourcecode.swift; path = MapDetailView.swift; sourceTree = "<group>"; };
		C54713AB25E3784C00B3F33C /* DayView.swift */ = {isa = PBXFileReference; lastKnownFileType = sourcecode.swift; path = DayView.swift; sourceTree = "<group>"; };
		C54713B025E37CDA00B3F33C /* Day.swift */ = {isa = PBXFileReference; lastKnownFileType = sourcecode.swift; path = Day.swift; sourceTree = "<group>"; };
		C54713BA25E37D2200B3F33C /* DayStore.swift */ = {isa = PBXFileReference; lastKnownFileType = sourcecode.swift; path = DayStore.swift; sourceTree = "<group>"; };
		C54713BF25E37D7F00B3F33C /* LocationService.swift */ = {isa = PBXFileReference; lastKnownFileType = sourcecode.swift; path = LocationService.swift; sourceTree = "<group>"; };
		C54713C225E37E1800B3F33C /* ItemStore.swift */ = {isa = PBXFileReference; lastKnownFileType = sourcecode.swift; path = ItemStore.swift; sourceTree = "<group>"; };
		C5BDF6DA25E6275100EACA71 /* SettingsView.swift */ = {isa = PBXFileReference; lastKnownFileType = sourcecode.swift; path = SettingsView.swift; sourceTree = "<group>"; };
		C5CAC65E25F4A16800744D5C /* Loc.entitlements */ = {isa = PBXFileReference; lastKnownFileType = text.plist.entitlements; path = Loc.entitlements; sourceTree = "<group>"; };
		C5CCCA2D25EB6C2E003356CC /* ExportService.swift */ = {isa = PBXFileReference; lastKnownFileType = sourcecode.swift; path = ExportService.swift; sourceTree = "<group>"; };
		C5F2146025E0E95F00D67F2F /* Loc.app */ = {isa = PBXFileReference; explicitFileType = wrapper.application; includeInIndex = 0; path = Loc.app; sourceTree = BUILT_PRODUCTS_DIR; };
		C5F2146325E0E95F00D67F2F /* LocApp.swift */ = {isa = PBXFileReference; lastKnownFileType = sourcecode.swift; path = LocApp.swift; sourceTree = "<group>"; };
		C5F2146525E0E95F00D67F2F /* ContentView.swift */ = {isa = PBXFileReference; lastKnownFileType = sourcecode.swift; path = ContentView.swift; sourceTree = "<group>"; };
		C5F2146725E0E96000D67F2F /* Assets.xcassets */ = {isa = PBXFileReference; lastKnownFileType = folder.assetcatalog; path = Assets.xcassets; sourceTree = "<group>"; };
		C5F2146A25E0E96000D67F2F /* Preview Assets.xcassets */ = {isa = PBXFileReference; lastKnownFileType = folder.assetcatalog; path = "Preview Assets.xcassets"; sourceTree = "<group>"; };
		C5F2146C25E0E96000D67F2F /* Persistence.swift */ = {isa = PBXFileReference; lastKnownFileType = sourcecode.swift; path = Persistence.swift; sourceTree = "<group>"; };
		C5F2146F25E0E96000D67F2F /* Loc.xcdatamodel */ = {isa = PBXFileReference; lastKnownFileType = wrapper.xcdatamodel; path = Loc.xcdatamodel; sourceTree = "<group>"; };
		C5F2147125E0E96000D67F2F /* Info.plist */ = {isa = PBXFileReference; lastKnownFileType = text.plist.xml; path = Info.plist; sourceTree = "<group>"; };
/* End PBXFileReference section */

/* Begin PBXFrameworksBuildPhase section */
		C5F2145D25E0E95F00D67F2F /* Frameworks */ = {
			isa = PBXFrameworksBuildPhase;
			buildActionMask = 2147483647;
			files = (
			);
			runOnlyForDeploymentPostprocessing = 0;
		};
/* End PBXFrameworksBuildPhase section */

/* Begin PBXGroup section */
		C51B66DE25E9894B005B4108 /* Extensions */ = {
			isa = PBXGroup;
			children = (
				C51B66DF25E98960005B4108 /* MKCoordinateRegion+Coordinates.swift */,
			);
			path = Extensions;
			sourceTree = "<group>";
		};
		C54713A725E3781400B3F33C /* Views */ = {
			isa = PBXGroup;
			children = (
				C5F2146525E0E95F00D67F2F /* ContentView.swift */,
				C54713AB25E3784C00B3F33C /* DayView.swift */,
				C54713A825E3782700B3F33C /* MapDetailView.swift */,
				C5BDF6DA25E6275100EACA71 /* SettingsView.swift */,
			);
			path = Views;
			sourceTree = "<group>";
		};
		C54713AF25E37CCB00B3F33C /* Models */ = {
			isa = PBXGroup;
			children = (
				C54713B025E37CDA00B3F33C /* Day.swift */,
				C51B66E325EA0701005B4108 /* Item.swift */,
				C51B66E825EA2766005B4108 /* ExportModel.swift */,
			);
			path = Models;
			sourceTree = "<group>";
		};
		C54713B425E37D0A00B3F33C /* Stores */ = {
			isa = PBXGroup;
			children = (
				C54713BA25E37D2200B3F33C /* DayStore.swift */,
				C54713C225E37E1800B3F33C /* ItemStore.swift */,
				C51B66E125EA068D005B4108 /* ItemsForDay.swift */,
			);
			path = Stores;
			sourceTree = "<group>";
		};
		C54713BD25E37D6400B3F33C /* Services */ = {
			isa = PBXGroup;
			children = (
				C54713BF25E37D7F00B3F33C /* LocationService.swift */,
				C5CCCA2D25EB6C2E003356CC /* ExportService.swift */,
			);
			path = Services;
			sourceTree = "<group>";
		};
		C5F2145725E0E95F00D67F2F = {
			isa = PBXGroup;
			children = (
				C5F2146225E0E95F00D67F2F /* Loc */,
				C5F2146125E0E95F00D67F2F /* Products */,
			);
			sourceTree = "<group>";
		};
		C5F2146125E0E95F00D67F2F /* Products */ = {
			isa = PBXGroup;
			children = (
				C5F2146025E0E95F00D67F2F /* Loc.app */,
			);
			name = Products;
			sourceTree = "<group>";
		};
		C5F2146225E0E95F00D67F2F /* Loc */ = {
			isa = PBXGroup;
			children = (
				C5CAC65E25F4A16800744D5C /* Loc.entitlements */,
				C51B66DE25E9894B005B4108 /* Extensions */,
				C54713BD25E37D6400B3F33C /* Services */,
				C54713B425E37D0A00B3F33C /* Stores */,
				C54713AF25E37CCB00B3F33C /* Models */,
				C54713A725E3781400B3F33C /* Views */,
				C5F2146325E0E95F00D67F2F /* LocApp.swift */,
				C5F2146725E0E96000D67F2F /* Assets.xcassets */,
				C5F2146C25E0E96000D67F2F /* Persistence.swift */,
				C5F2147125E0E96000D67F2F /* Info.plist */,
				C5F2146E25E0E96000D67F2F /* Loc.xcdatamodeld */,
				C5F2146925E0E96000D67F2F /* Preview Content */,
			);
			path = Loc;
			sourceTree = "<group>";
		};
		C5F2146925E0E96000D67F2F /* Preview Content */ = {
			isa = PBXGroup;
			children = (
				C5F2146A25E0E96000D67F2F /* Preview Assets.xcassets */,
			);
			path = "Preview Content";
			sourceTree = "<group>";
		};
/* End PBXGroup section */

/* Begin PBXNativeTarget section */
		C5F2145F25E0E95F00D67F2F /* Loc */ = {
			isa = PBXNativeTarget;
			buildConfigurationList = C5F2147425E0E96000D67F2F /* Build configuration list for PBXNativeTarget "Loc" */;
			buildPhases = (
				C5F2145C25E0E95F00D67F2F /* Sources */,
				C5F2145D25E0E95F00D67F2F /* Frameworks */,
				C5F2145E25E0E95F00D67F2F /* Resources */,
				C569D68925EE134C00A64DA7 /* SwiftLint */,
			);
			buildRules = (
			);
			dependencies = (
			);
			name = Loc;
			productName = Loc;
			productReference = C5F2146025E0E95F00D67F2F /* Loc.app */;
			productType = "com.apple.product-type.application";
		};
/* End PBXNativeTarget section */

/* Begin PBXProject section */
		C5F2145825E0E95F00D67F2F /* Project object */ = {
			isa = PBXProject;
			attributes = {
				LastSwiftUpdateCheck = 1240;
				LastUpgradeCheck = 1240;
				TargetAttributes = {
					C5F2145F25E0E95F00D67F2F = {
						CreatedOnToolsVersion = 12.4;
					};
				};
			};
			buildConfigurationList = C5F2145B25E0E95F00D67F2F /* Build configuration list for PBXProject "Loc" */;
			compatibilityVersion = "Xcode 9.3";
			developmentRegion = en;
			hasScannedForEncodings = 0;
			knownRegions = (
				en,
				Base,
			);
			mainGroup = C5F2145725E0E95F00D67F2F;
			productRefGroup = C5F2146125E0E95F00D67F2F /* Products */;
			projectDirPath = "";
			projectRoot = "";
			targets = (
				C5F2145F25E0E95F00D67F2F /* Loc */,
			);
		};
/* End PBXProject section */

/* Begin PBXResourcesBuildPhase section */
		C5F2145E25E0E95F00D67F2F /* Resources */ = {
			isa = PBXResourcesBuildPhase;
			buildActionMask = 2147483647;
			files = (
				C5F2146B25E0E96000D67F2F /* Preview Assets.xcassets in Resources */,
				C5F2146825E0E96000D67F2F /* Assets.xcassets in Resources */,
			);
			runOnlyForDeploymentPostprocessing = 0;
		};
/* End PBXResourcesBuildPhase section */

/* Begin PBXShellScriptBuildPhase section */
		C569D68925EE134C00A64DA7 /* SwiftLint */ = {
			isa = PBXShellScriptBuildPhase;
			buildActionMask = 2147483647;
			files = (
			);
			inputFileListPaths = (
			);
			inputPaths = (
			);
			name = SwiftLint;
			outputFileListPaths = (
			);
			outputPaths = (
			);
			runOnlyForDeploymentPostprocessing = 0;
			shellPath = /bin/sh;
			shellScript = "if which mint >/dev/null; then\n  mint run SwiftLint\nelse\n  echo \"warning: Mint not installed. It's required to run SwiftLint. Download from https://github.com/yonaskolb/Mint\"\nfi\n";
		};
/* End PBXShellScriptBuildPhase section */

/* Begin PBXSourcesBuildPhase section */
		C5F2145C25E0E95F00D67F2F /* Sources */ = {
			isa = PBXSourcesBuildPhase;
			buildActionMask = 2147483647;
			files = (
				C51B66E925EA2766005B4108 /* ExportModel.swift in Sources */,
				C5CCCA2E25EB6C2E003356CC /* ExportService.swift in Sources */,
				C54713B125E37CDA00B3F33C /* Day.swift in Sources */,
				C51B66E225EA068D005B4108 /* ItemsForDay.swift in Sources */,
				C54713A925E3782700B3F33C /* MapDetailView.swift in Sources */,
				C54713AC25E3784C00B3F33C /* DayView.swift in Sources */,
				C51B66E425EA0701005B4108 /* Item.swift in Sources */,
				C5F2146D25E0E96000D67F2F /* Persistence.swift in Sources */,
				C54713BB25E37D2200B3F33C /* DayStore.swift in Sources */,
				C5F2146625E0E95F00D67F2F /* ContentView.swift in Sources */,
				C5F2147025E0E96000D67F2F /* Loc.xcdatamodeld in Sources */,
				C54713C025E37D7F00B3F33C /* LocationService.swift in Sources */,
				C54713C325E37E1800B3F33C /* ItemStore.swift in Sources */,
				C51B66E025E98960005B4108 /* MKCoordinateRegion+Coordinates.swift in Sources */,
				C5F2146425E0E95F00D67F2F /* LocApp.swift in Sources */,
				C5BDF6DB25E6275100EACA71 /* SettingsView.swift in Sources */,
			);
			runOnlyForDeploymentPostprocessing = 0;
		};
/* End PBXSourcesBuildPhase section */

/* Begin XCBuildConfiguration section */
		C5F2147225E0E96000D67F2F /* Debug */ = {
			isa = XCBuildConfiguration;
			buildSettings = {
				ALWAYS_SEARCH_USER_PATHS = NO;
				CLANG_ANALYZER_NONNULL = YES;
				CLANG_ANALYZER_NUMBER_OBJECT_CONVERSION = YES_AGGRESSIVE;
				CLANG_CXX_LANGUAGE_STANDARD = "gnu++14";
				CLANG_CXX_LIBRARY = "libc++";
				CLANG_ENABLE_MODULES = YES;
				CLANG_ENABLE_OBJC_ARC = YES;
				CLANG_ENABLE_OBJC_WEAK = YES;
				CLANG_WARN_BLOCK_CAPTURE_AUTORELEASING = YES;
				CLANG_WARN_BOOL_CONVERSION = YES;
				CLANG_WARN_COMMA = YES;
				CLANG_WARN_CONSTANT_CONVERSION = YES;
				CLANG_WARN_DEPRECATED_OBJC_IMPLEMENTATIONS = YES;
				CLANG_WARN_DIRECT_OBJC_ISA_USAGE = YES_ERROR;
				CLANG_WARN_DOCUMENTATION_COMMENTS = YES;
				CLANG_WARN_EMPTY_BODY = YES;
				CLANG_WARN_ENUM_CONVERSION = YES;
				CLANG_WARN_INFINITE_RECURSION = YES;
				CLANG_WARN_INT_CONVERSION = YES;
				CLANG_WARN_NON_LITERAL_NULL_CONVERSION = YES;
				CLANG_WARN_OBJC_IMPLICIT_RETAIN_SELF = YES;
				CLANG_WARN_OBJC_LITERAL_CONVERSION = YES;
				CLANG_WARN_OBJC_ROOT_CLASS = YES_ERROR;
				CLANG_WARN_QUOTED_INCLUDE_IN_FRAMEWORK_HEADER = YES;
				CLANG_WARN_RANGE_LOOP_ANALYSIS = YES;
				CLANG_WARN_STRICT_PROTOTYPES = YES;
				CLANG_WARN_SUSPICIOUS_MOVE = YES;
				CLANG_WARN_UNGUARDED_AVAILABILITY = YES_AGGRESSIVE;
				CLANG_WARN_UNREACHABLE_CODE = YES;
				CLANG_WARN__DUPLICATE_METHOD_MATCH = YES;
				COPY_PHASE_STRIP = NO;
				DEBUG_INFORMATION_FORMAT = dwarf;
				ENABLE_STRICT_OBJC_MSGSEND = YES;
				ENABLE_TESTABILITY = YES;
				GCC_C_LANGUAGE_STANDARD = gnu11;
				GCC_DYNAMIC_NO_PIC = NO;
				GCC_NO_COMMON_BLOCKS = YES;
				GCC_OPTIMIZATION_LEVEL = 0;
				GCC_PREPROCESSOR_DEFINITIONS = (
					"DEBUG=1",
					"$(inherited)",
				);
				GCC_WARN_64_TO_32_BIT_CONVERSION = YES;
				GCC_WARN_ABOUT_RETURN_TYPE = YES_ERROR;
				GCC_WARN_UNDECLARED_SELECTOR = YES;
				GCC_WARN_UNINITIALIZED_AUTOS = YES_AGGRESSIVE;
				GCC_WARN_UNUSED_FUNCTION = YES;
				GCC_WARN_UNUSED_VARIABLE = YES;
				IPHONEOS_DEPLOYMENT_TARGET = 14.4;
				MTL_ENABLE_DEBUG_INFO = INCLUDE_SOURCE;
				MTL_FAST_MATH = YES;
				ONLY_ACTIVE_ARCH = YES;
				SDKROOT = iphoneos;
				SWIFT_ACTIVE_COMPILATION_CONDITIONS = DEBUG;
				SWIFT_OPTIMIZATION_LEVEL = "-Onone";
			};
			name = Debug;
		};
		C5F2147325E0E96000D67F2F /* Release */ = {
			isa = XCBuildConfiguration;
			buildSettings = {
				ALWAYS_SEARCH_USER_PATHS = NO;
				CLANG_ANALYZER_NONNULL = YES;
				CLANG_ANALYZER_NUMBER_OBJECT_CONVERSION = YES_AGGRESSIVE;
				CLANG_CXX_LANGUAGE_STANDARD = "gnu++14";
				CLANG_CXX_LIBRARY = "libc++";
				CLANG_ENABLE_MODULES = YES;
				CLANG_ENABLE_OBJC_ARC = YES;
				CLANG_ENABLE_OBJC_WEAK = YES;
				CLANG_WARN_BLOCK_CAPTURE_AUTORELEASING = YES;
				CLANG_WARN_BOOL_CONVERSION = YES;
				CLANG_WARN_COMMA = YES;
				CLANG_WARN_CONSTANT_CONVERSION = YES;
				CLANG_WARN_DEPRECATED_OBJC_IMPLEMENTATIONS = YES;
				CLANG_WARN_DIRECT_OBJC_ISA_USAGE = YES_ERROR;
				CLANG_WARN_DOCUMENTATION_COMMENTS = YES;
				CLANG_WARN_EMPTY_BODY = YES;
				CLANG_WARN_ENUM_CONVERSION = YES;
				CLANG_WARN_INFINITE_RECURSION = YES;
				CLANG_WARN_INT_CONVERSION = YES;
				CLANG_WARN_NON_LITERAL_NULL_CONVERSION = YES;
				CLANG_WARN_OBJC_IMPLICIT_RETAIN_SELF = YES;
				CLANG_WARN_OBJC_LITERAL_CONVERSION = YES;
				CLANG_WARN_OBJC_ROOT_CLASS = YES_ERROR;
				CLANG_WARN_QUOTED_INCLUDE_IN_FRAMEWORK_HEADER = YES;
				CLANG_WARN_RANGE_LOOP_ANALYSIS = YES;
				CLANG_WARN_STRICT_PROTOTYPES = YES;
				CLANG_WARN_SUSPICIOUS_MOVE = YES;
				CLANG_WARN_UNGUARDED_AVAILABILITY = YES_AGGRESSIVE;
				CLANG_WARN_UNREACHABLE_CODE = YES;
				CLANG_WARN__DUPLICATE_METHOD_MATCH = YES;
				COPY_PHASE_STRIP = NO;
				DEBUG_INFORMATION_FORMAT = "dwarf-with-dsym";
				ENABLE_NS_ASSERTIONS = NO;
				ENABLE_STRICT_OBJC_MSGSEND = YES;
				GCC_C_LANGUAGE_STANDARD = gnu11;
				GCC_NO_COMMON_BLOCKS = YES;
				GCC_WARN_64_TO_32_BIT_CONVERSION = YES;
				GCC_WARN_ABOUT_RETURN_TYPE = YES_ERROR;
				GCC_WARN_UNDECLARED_SELECTOR = YES;
				GCC_WARN_UNINITIALIZED_AUTOS = YES_AGGRESSIVE;
				GCC_WARN_UNUSED_FUNCTION = YES;
				GCC_WARN_UNUSED_VARIABLE = YES;
				IPHONEOS_DEPLOYMENT_TARGET = 14.4;
				MTL_ENABLE_DEBUG_INFO = NO;
				MTL_FAST_MATH = YES;
				SDKROOT = iphoneos;
				SWIFT_COMPILATION_MODE = wholemodule;
				SWIFT_OPTIMIZATION_LEVEL = "-O";
				VALIDATE_PRODUCT = YES;
			};
			name = Release;
		};
		C5F2147525E0E96000D67F2F /* Debug */ = {
			isa = XCBuildConfiguration;
			buildSettings = {
				ASSETCATALOG_COMPILER_APPICON_NAME = AppIcon;
				ASSETCATALOG_COMPILER_GLOBAL_ACCENT_COLOR_NAME = AccentColor;
				CODE_SIGN_ENTITLEMENTS = Loc/Loc.entitlements;
				CODE_SIGN_STYLE = Automatic;
				DEVELOPMENT_ASSET_PATHS = "\"Loc/Preview Content\"";
				DEVELOPMENT_TEAM = 9E8SXF3Y36;
				ENABLE_PREVIEWS = YES;
				INFOPLIST_FILE = Loc/Info.plist;
				IPHONEOS_DEPLOYMENT_TARGET = 14.0;
				LD_RUNPATH_SEARCH_PATHS = (
					"$(inherited)",
					"@executable_path/Frameworks",
				);
				PRODUCT_BUNDLE_IDENTIFIER = co.hartl.Loc;
				PRODUCT_NAME = "$(TARGET_NAME)";
				SWIFT_VERSION = 5.0;
				TARGETED_DEVICE_FAMILY = "1,2";
			};
			name = Debug;
		};
		C5F2147625E0E96000D67F2F /* Release */ = {
			isa = XCBuildConfiguration;
			buildSettings = {
				ASSETCATALOG_COMPILER_APPICON_NAME = AppIcon;
				ASSETCATALOG_COMPILER_GLOBAL_ACCENT_COLOR_NAME = AccentColor;
				CODE_SIGN_ENTITLEMENTS = Loc/Loc.entitlements;
				CODE_SIGN_STYLE = Automatic;
				DEVELOPMENT_ASSET_PATHS = "\"Loc/Preview Content\"";
				DEVELOPMENT_TEAM = 9E8SXF3Y36;
				ENABLE_PREVIEWS = YES;
				INFOPLIST_FILE = Loc/Info.plist;
				IPHONEOS_DEPLOYMENT_TARGET = 14.0;
				LD_RUNPATH_SEARCH_PATHS = (
					"$(inherited)",
					"@executable_path/Frameworks",
				);
				PRODUCT_BUNDLE_IDENTIFIER = co.hartl.Loc;
				PRODUCT_NAME = "$(TARGET_NAME)";
				SWIFT_VERSION = 5.0;
				TARGETED_DEVICE_FAMILY = "1,2";
			};
			name = Release;
		};
/* End XCBuildConfiguration section */

/* Begin XCConfigurationList section */
		C5F2145B25E0E95F00D67F2F /* Build configuration list for PBXProject "Loc" */ = {
			isa = XCConfigurationList;
			buildConfigurations = (
				C5F2147225E0E96000D67F2F /* Debug */,
				C5F2147325E0E96000D67F2F /* Release */,
			);
			defaultConfigurationIsVisible = 0;
			defaultConfigurationName = Release;
		};
		C5F2147425E0E96000D67F2F /* Build configuration list for PBXNativeTarget "Loc" */ = {
			isa = XCConfigurationList;
			buildConfigurations = (
				C5F2147525E0E96000D67F2F /* Debug */,
				C5F2147625E0E96000D67F2F /* Release */,
			);
			defaultConfigurationIsVisible = 0;
			defaultConfigurationName = Release;
		};
/* End XCConfigurationList section */

/* Begin XCVersionGroup section */
		C5F2146E25E0E96000D67F2F /* Loc.xcdatamodeld */ = {
			isa = XCVersionGroup;
			children = (
				C5F2146F25E0E96000D67F2F /* Loc.xcdatamodel */,
			);
			currentVersion = C5F2146F25E0E96000D67F2F /* Loc.xcdatamodel */;
			path = Loc.xcdatamodeld;
			sourceTree = "<group>";
			versionGroupType = wrapper.xcdatamodel;
		};
/* End XCVersionGroup section */
	};
	rootObject = C5F2145825E0E95F00D67F2F /* Project object */;
}
